
Microsoft Visual Studio Solution File, Format Version 12.00
# Visual Studio 14
VisualStudioVersion = 14.0.25420.1
MinimumVisualStudioVersion = 10.0.40219.1
Project("{FAE04EC0-301F-11D3-BF4B-00C04F79EFBC}") = "App2", "App2\App2\App2.csproj", "{F9AC7F9C-8876-4504-B324-AD6C54F4C507}"
EndProject
Project("{FAE04EC0-301F-11D3-BF4B-00C04F79EFBC}") = "App2.Droid", "App2\App2.Droid\App2.Droid.csproj", "{7A4D5635-0235-4EC8-82E6-BF98C69124F5}"
EndProject
Project("{FAE04EC0-301F-11D3-BF4B-00C04F79EFBC}") = "App2.iOS", "App2\App2.iOS\App2.iOS.csproj", "{2A3A6D4D-C7E3-445D-B967-9D9757B6CBCD}"
EndProject
Project("{FAE04EC0-301F-11D3-BF4B-00C04F79EFBC}") = "App2.WinPhone", "App2\App2.WinPhone\App2.WinPhone.csproj", "{60BA32FF-AD76-48AA-B7E1-C80A6E5EF353}"
EndProject
Project("{FAE04EC0-301F-11D3-BF4B-00C04F79EFBC}") = "App2.Windows", "App2\App2.Windows\App2.Windows.csproj", "{CCA2AC0B-38EF-4E5D-8B28-7C90D44B41FF}"
EndProject
Global
	GlobalSection(SolutionConfigurationPlatforms) = preSolution
		Ad-Hoc|Any CPU = Ad-Hoc|Any CPU
		Ad-Hoc|ARM = Ad-Hoc|ARM
		Ad-Hoc|iPhone = Ad-Hoc|iPhone
		Ad-Hoc|iPhoneSimulator = Ad-Hoc|iPhoneSimulator
		Ad-Hoc|x64 = Ad-Hoc|x64
		Ad-Hoc|x86 = Ad-Hoc|x86
		AppStore|Any CPU = AppStore|Any CPU
		AppStore|ARM = AppStore|ARM
		AppStore|iPhone = AppStore|iPhone
		AppStore|iPhoneSimulator = AppStore|iPhoneSimulator
		AppStore|x64 = AppStore|x64
		AppStore|x86 = AppStore|x86
		Debug|Any CPU = Debug|Any CPU
		Debug|ARM = Debug|ARM
		Debug|iPhone = Debug|iPhone
		Debug|iPhoneSimulator = Debug|iPhoneSimulator
		Debug|x64 = Debug|x64
		Debug|x86 = Debug|x86
		Release|Any CPU = Release|Any CPU
		Release|ARM = Release|ARM
		Release|iPhone = Release|iPhone
		Release|iPhoneSimulator = Release|iPhoneSimulator
		Release|x64 = Release|x64
		Release|x86 = Release|x86
	EndGlobalSection
	GlobalSection(ProjectConfigurationPlatforms) = postSolution
		{F9AC7F9C-8876-4504-B324-AD6C54F4C507}.Ad-Hoc|Any CPU.ActiveCfg = Release|Any CPU
		{F9AC7F9C-8876-4504-B324-AD6C54F4C507}.Ad-Hoc|Any CPU.Build.0 = Release|Any CPU
		{F9AC7F9C-8876-4504-B324-AD6C54F4C507}.Ad-Hoc|ARM.ActiveCfg = Release|Any CPU
		{F9AC7F9C-8876-4504-B324-AD6C54F4C507}.Ad-Hoc|ARM.Build.0 = Release|Any CPU
		{F9AC7F9C-8876-4504-B324-AD6C54F4C507}.Ad-Hoc|iPhone.ActiveCfg = Release|Any CPU
		{F9AC7F9C-8876-4504-B324-AD6C54F4C507}.Ad-Hoc|iPhone.Build.0 = Release|Any CPU
		{F9AC7F9C-8876-4504-B324-AD6C54F4C507}.Ad-Hoc|iPhoneSimulator.ActiveCfg = Release|Any CPU
		{F9AC7F9C-8876-4504-B324-AD6C54F4C507}.Ad-Hoc|iPhoneSimulator.Build.0 = Release|Any CPU
		{F9AC7F9C-8876-4504-B324-AD6C54F4C507}.Ad-Hoc|x64.ActiveCfg = Release|Any CPU
		{F9AC7F9C-8876-4504-B324-AD6C54F4C507}.Ad-Hoc|x64.Build.0 = Release|Any CPU
		{F9AC7F9C-8876-4504-B324-AD6C54F4C507}.Ad-Hoc|x86.ActiveCfg = Release|Any CPU
		{F9AC7F9C-8876-4504-B324-AD6C54F4C507}.Ad-Hoc|x86.Build.0 = Release|Any CPU
		{F9AC7F9C-8876-4504-B324-AD6C54F4C507}.AppStore|Any CPU.ActiveCfg = Release|Any CPU
		{F9AC7F9C-8876-4504-B324-AD6C54F4C507}.AppStore|Any CPU.Build.0 = Release|Any CPU
		{F9AC7F9C-8876-4504-B324-AD6C54F4C507}.AppStore|ARM.ActiveCfg = Release|Any CPU
		{F9AC7F9C-8876-4504-B324-AD6C54F4C507}.AppStore|ARM.Build.0 = Release|Any CPU
		{F9AC7F9C-8876-4504-B324-AD6C54F4C507}.AppStore|iPhone.ActiveCfg = Release|Any CPU
		{F9AC7F9C-8876-4504-B324-AD6C54F4C507}.AppStore|iPhone.Build.0 = Release|Any CPU
		{F9AC7F9C-8876-4504-B324-AD6C54F4C507}.AppStore|iPhoneSimulator.ActiveCfg = Release|Any CPU
		{F9AC7F9C-8876-4504-B324-AD6C54F4C507}.AppStore|iPhoneSimulator.Build.0 = Release|Any CPU
		{F9AC7F9C-8876-4504-B324-AD6C54F4C507}.AppStore|x64.ActiveCfg = Release|Any CPU
		{F9AC7F9C-8876-4504-B324-AD6C54F4C507}.AppStore|x64.Build.0 = Release|Any CPU
		{F9AC7F9C-8876-4504-B324-AD6C54F4C507}.AppStore|x86.ActiveCfg = Release|Any CPU
		{F9AC7F9C-8876-4504-B324-AD6C54F4C507}.AppStore|x86.Build.0 = Release|Any CPU
		{F9AC7F9C-8876-4504-B324-AD6C54F4C507}.Debug|Any CPU.ActiveCfg = Debug|Any CPU
		{F9AC7F9C-8876-4504-B324-AD6C54F4C507}.Debug|Any CPU.Build.0 = Debug|Any CPU
		{F9AC7F9C-8876-4504-B324-AD6C54F4C507}.Debug|ARM.ActiveCfg = Debug|Any CPU
		{F9AC7F9C-8876-4504-B324-AD6C54F4C507}.Debug|ARM.Build.0 = Debug|Any CPU
		{F9AC7F9C-8876-4504-B324-AD6C54F4C507}.Debug|iPhone.ActiveCfg = Debug|Any CPU
		{F9AC7F9C-8876-4504-B324-AD6C54F4C507}.Debug|iPhone.Build.0 = Debug|Any CPU
		{F9AC7F9C-8876-4504-B324-AD6C54F4C507}.Debug|iPhoneSimulator.ActiveCfg = Debug|Any CPU
		{F9AC7F9C-8876-4504-B324-AD6C54F4C507}.Debug|iPhoneSimulator.Build.0 = Debug|Any CPU
		{F9AC7F9C-8876-4504-B324-AD6C54F4C507}.Debug|x64.ActiveCfg = Debug|Any CPU
		{F9AC7F9C-8876-4504-B324-AD6C54F4C507}.Debug|x64.Build.0 = Debug|Any CPU
		{F9AC7F9C-8876-4504-B324-AD6C54F4C507}.Debug|x86.ActiveCfg = Debug|Any CPU
		{F9AC7F9C-8876-4504-B324-AD6C54F4C507}.Debug|x86.Build.0 = Debug|Any CPU
		{F9AC7F9C-8876-4504-B324-AD6C54F4C507}.Release|Any CPU.ActiveCfg = Release|Any CPU
		{F9AC7F9C-8876-4504-B324-AD6C54F4C507}.Release|Any CPU.Build.0 = Release|Any CPU
		{F9AC7F9C-8876-4504-B324-AD6C54F4C507}.Release|ARM.ActiveCfg = Release|Any CPU
		{F9AC7F9C-8876-4504-B324-AD6C54F4C507}.Release|ARM.Build.0 = Release|Any CPU
		{F9AC7F9C-8876-4504-B324-AD6C54F4C507}.Release|iPhone.ActiveCfg = Release|Any CPU
		{F9AC7F9C-8876-4504-B324-AD6C54F4C507}.Release|iPhone.Build.0 = Release|Any CPU
		{F9AC7F9C-8876-4504-B324-AD6C54F4C507}.Release|iPhoneSimulator.ActiveCfg = Release|Any CPU
		{F9AC7F9C-8876-4504-B324-AD6C54F4C507}.Release|iPhoneSimulator.Build.0 = Release|Any CPU
		{F9AC7F9C-8876-4504-B324-AD6C54F4C507}.Release|x64.ActiveCfg = Release|Any CPU
		{F9AC7F9C-8876-4504-B324-AD6C54F4C507}.Release|x64.Build.0 = Release|Any CPU
		{F9AC7F9C-8876-4504-B324-AD6C54F4C507}.Release|x86.ActiveCfg = Release|Any CPU
		{F9AC7F9C-8876-4504-B324-AD6C54F4C507}.Release|x86.Build.0 = Release|Any CPU
		{7A4D5635-0235-4EC8-82E6-BF98C69124F5}.Ad-Hoc|Any CPU.ActiveCfg = Release|Any CPU
		{7A4D5635-0235-4EC8-82E6-BF98C69124F5}.Ad-Hoc|Any CPU.Build.0 = Release|Any CPU
		{7A4D5635-0235-4EC8-82E6-BF98C69124F5}.Ad-Hoc|Any CPU.Deploy.0 = Release|Any CPU
		{7A4D5635-0235-4EC8-82E6-BF98C69124F5}.Ad-Hoc|ARM.ActiveCfg = Release|Any CPU
		{7A4D5635-0235-4EC8-82E6-BF98C69124F5}.Ad-Hoc|ARM.Build.0 = Release|Any CPU
		{7A4D5635-0235-4EC8-82E6-BF98C69124F5}.Ad-Hoc|ARM.Deploy.0 = Release|Any CPU
		{7A4D5635-0235-4EC8-82E6-BF98C69124F5}.Ad-Hoc|iPhone.ActiveCfg = Release|Any CPU
		{7A4D5635-0235-4EC8-82E6-BF98C69124F5}.Ad-Hoc|iPhone.Build.0 = Release|Any CPU
		{7A4D5635-0235-4EC8-82E6-BF98C69124F5}.Ad-Hoc|iPhone.Deploy.0 = Release|Any CPU
		{7A4D5635-0235-4EC8-82E6-BF98C69124F5}.Ad-Hoc|iPhoneSimulator.ActiveCfg = Release|Any CPU
		{7A4D5635-0235-4EC8-82E6-BF98C69124F5}.Ad-Hoc|iPhoneSimulator.Build.0 = Release|Any CPU
		{7A4D5635-0235-4EC8-82E6-BF98C69124F5}.Ad-Hoc|iPhoneSimulator.Deploy.0 = Release|Any CPU
		{7A4D5635-0235-4EC8-82E6-BF98C69124F5}.Ad-Hoc|x64.ActiveCfg = Release|Any CPU
		{7A4D5635-0235-4EC8-82E6-BF98C69124F5}.Ad-Hoc|x64.Build.0 = Release|Any CPU
		{7A4D5635-0235-4EC8-82E6-BF98C69124F5}.Ad-Hoc|x64.Deploy.0 = Release|Any CPU
		{7A4D5635-0235-4EC8-82E6-BF98C69124F5}.Ad-Hoc|x86.ActiveCfg = Release|Any CPU
		{7A4D5635-0235-4EC8-82E6-BF98C69124F5}.Ad-Hoc|x86.Build.0 = Release|Any CPU
		{7A4D5635-0235-4EC8-82E6-BF98C69124F5}.Ad-Hoc|x86.Deploy.0 = Release|Any CPU
		{7A4D5635-0235-4EC8-82E6-BF98C69124F5}.AppStore|Any CPU.ActiveCfg = Release|Any CPU
		{7A4D5635-0235-4EC8-82E6-BF98C69124F5}.AppStore|Any CPU.Build.0 = Release|Any CPU
		{7A4D5635-0235-4EC8-82E6-BF98C69124F5}.AppStore|Any CPU.Deploy.0 = Release|Any CPU
		{7A4D5635-0235-4EC8-82E6-BF98C69124F5}.AppStore|ARM.ActiveCfg = Release|Any CPU
		{7A4D5635-0235-4EC8-82E6-BF98C69124F5}.AppStore|ARM.Build.0 = Release|Any CPU
		{7A4D5635-0235-4EC8-82E6-BF98C69124F5}.AppStore|ARM.Deploy.0 = Release|Any CPU
		{7A4D5635-0235-4EC8-82E6-BF98C69124F5}.AppStore|iPhone.ActiveCfg = Release|Any CPU
		{7A4D5635-0235-4EC8-82E6-BF98C69124F5}.AppStore|iPhone.Build.0 = Release|Any CPU
		{7A4D5635-0235-4EC8-82E6-BF98C69124F5}.AppStore|iPhone.Deploy.0 = Release|Any CPU
		{7A4D5635-0235-4EC8-82E6-BF98C69124F5}.AppStore|iPhoneSimulator.ActiveCfg = Release|Any CPU
		{7A4D5635-0235-4EC8-82E6-BF98C69124F5}.AppStore|iPhoneSimulator.Build.0 = Release|Any CPU
		{7A4D5635-0235-4EC8-82E6-BF98C69124F5}.AppStore|iPhoneSimulator.Deploy.0 = Release|Any CPU
		{7A4D5635-0235-4EC8-82E6-BF98C69124F5}.AppStore|x64.ActiveCfg = Release|Any CPU
		{7A4D5635-0235-4EC8-82E6-BF98C69124F5}.AppStore|x64.Build.0 = Release|Any CPU
		{7A4D5635-0235-4EC8-82E6-BF98C69124F5}.AppStore|x64.Deploy.0 = Release|Any CPU
		{7A4D5635-0235-4EC8-82E6-BF98C69124F5}.AppStore|x86.ActiveCfg = Release|Any CPU
		{7A4D5635-0235-4EC8-82E6-BF98C69124F5}.AppStore|x86.Build.0 = Release|Any CPU
		{7A4D5635-0235-4EC8-82E6-BF98C69124F5}.AppStore|x86.Deploy.0 = Release|Any CPU
		{7A4D5635-0235-4EC8-82E6-BF98C69124F5}.Debug|Any CPU.ActiveCfg = Debug|Any CPU
		{7A4D5635-0235-4EC8-82E6-BF98C69124F5}.Debug|Any CPU.Build.0 = Debug|Any CPU
		{7A4D5635-0235-4EC8-82E6-BF98C69124F5}.Debug|Any CPU.Deploy.0 = Debug|Any CPU
		{7A4D5635-0235-4EC8-82E6-BF98C69124F5}.Debug|ARM.ActiveCfg = Debug|Any CPU
		{7A4D5635-0235-4EC8-82E6-BF98C69124F5}.Debug|ARM.Build.0 = Debug|Any CPU
		{7A4D5635-0235-4EC8-82E6-BF98C69124F5}.Debug|ARM.Deploy.0 = Debug|Any CPU
		{7A4D5635-0235-4EC8-82E6-BF98C69124F5}.Debug|iPhone.ActiveCfg = Debug|Any CPU
		{7A4D5635-0235-4EC8-82E6-BF98C69124F5}.Debug|iPhone.Build.0 = Debug|Any CPU
		{7A4D5635-0235-4EC8-82E6-BF98C69124F5}.Debug|iPhone.Deploy.0 = Debug|Any CPU
		{7A4D5635-0235-4EC8-82E6-BF98C69124F5}.Debug|iPhoneSimulator.ActiveCfg = Debug|Any CPU
		{7A4D5635-0235-4EC8-82E6-BF98C69124F5}.Debug|iPhoneSimulator.Build.0 = Debug|Any CPU
		{7A4D5635-0235-4EC8-82E6-BF98C69124F5}.Debug|iPhoneSimulator.Deploy.0 = Debug|Any CPU
		{7A4D5635-0235-4EC8-82E6-BF98C69124F5}.Debug|x64.ActiveCfg = Debug|Any CPU
		{7A4D5635-0235-4EC8-82E6-BF98C69124F5}.Debug|x64.Build.0 = Debug|Any CPU
		{7A4D5635-0235-4EC8-82E6-BF98C69124F5}.Debug|x64.Deploy.0 = Debug|Any CPU
		{7A4D5635-0235-4EC8-82E6-BF98C69124F5}.Debug|x86.ActiveCfg = Debug|Any CPU
		{7A4D5635-0235-4EC8-82E6-BF98C69124F5}.Debug|x86.Build.0 = Debug|Any CPU
		{7A4D5635-0235-4EC8-82E6-BF98C69124F5}.Debug|x86.Deploy.0 = Debug|Any CPU
		{7A4D5635-0235-4EC8-82E6-BF98C69124F5}.Release|Any CPU.ActiveCfg = Release|Any CPU
		{7A4D5635-0235-4EC8-82E6-BF98C69124F5}.Release|Any CPU.Build.0 = Release|Any CPU
		{7A4D5635-0235-4EC8-82E6-BF98C69124F5}.Release|Any CPU.Deploy.0 = Release|Any CPU
		{7A4D5635-0235-4EC8-82E6-BF98C69124F5}.Release|ARM.ActiveCfg = Release|Any CPU
		{7A4D5635-0235-4EC8-82E6-BF98C69124F5}.Release|ARM.Build.0 = Release|Any CPU
		{7A4D5635-0235-4EC8-82E6-BF98C69124F5}.Release|ARM.Deploy.0 = Release|Any CPU
		{7A4D5635-0235-4EC8-82E6-BF98C69124F5}.Release|iPhone.ActiveCfg = Release|Any CPU
		{7A4D5635-0235-4EC8-82E6-BF98C69124F5}.Release|iPhone.Build.0 = Release|Any CPU
		{7A4D5635-0235-4EC8-82E6-BF98C69124F5}.Release|iPhone.Deploy.0 = Release|Any CPU
		{7A4D5635-0235-4EC8-82E6-BF98C69124F5}.Release|iPhoneSimulator.ActiveCfg = Release|Any CPU
		{7A4D5635-0235-4EC8-82E6-BF98C69124F5}.Release|iPhoneSimulator.Build.0 = Release|Any CPU
		{7A4D5635-0235-4EC8-82E6-BF98C69124F5}.Release|iPhoneSimulator.Deploy.0 = Release|Any CPU
		{7A4D5635-0235-4EC8-82E6-BF98C69124F5}.Release|x64.ActiveCfg = Release|Any CPU
		{7A4D5635-0235-4EC8-82E6-BF98C69124F5}.Release|x64.Build.0 = Release|Any CPU
		{7A4D5635-0235-4EC8-82E6-BF98C69124F5}.Release|x64.Deploy.0 = Release|Any CPU
		{7A4D5635-0235-4EC8-82E6-BF98C69124F5}.Release|x86.ActiveCfg = Release|Any CPU
		{7A4D5635-0235-4EC8-82E6-BF98C69124F5}.Release|x86.Build.0 = Release|Any CPU
		{7A4D5635-0235-4EC8-82E6-BF98C69124F5}.Release|x86.Deploy.0 = Release|Any CPU
		{2A3A6D4D-C7E3-445D-B967-9D9757B6CBCD}.Ad-Hoc|Any CPU.ActiveCfg = Ad-Hoc|iPhone
		{2A3A6D4D-C7E3-445D-B967-9D9757B6CBCD}.Ad-Hoc|ARM.ActiveCfg = Ad-Hoc|iPhone
		{2A3A6D4D-C7E3-445D-B967-9D9757B6CBCD}.Ad-Hoc|iPhone.ActiveCfg = Ad-Hoc|iPhone
		{2A3A6D4D-C7E3-445D-B967-9D9757B6CBCD}.Ad-Hoc|iPhone.Build.0 = Ad-Hoc|iPhone
		{2A3A6D4D-C7E3-445D-B967-9D9757B6CBCD}.Ad-Hoc|iPhoneSimulator.ActiveCfg = Ad-Hoc|iPhoneSimulator
		{2A3A6D4D-C7E3-445D-B967-9D9757B6CBCD}.Ad-Hoc|iPhoneSimulator.Build.0 = Ad-Hoc|iPhoneSimulator
		{2A3A6D4D-C7E3-445D-B967-9D9757B6CBCD}.Ad-Hoc|x64.ActiveCfg = Ad-Hoc|iPhone
		{2A3A6D4D-C7E3-445D-B967-9D9757B6CBCD}.Ad-Hoc|x86.ActiveCfg = Ad-Hoc|iPhone
		{2A3A6D4D-C7E3-445D-B967-9D9757B6CBCD}.AppStore|Any CPU.ActiveCfg = AppStore|iPhone
		{2A3A6D4D-C7E3-445D-B967-9D9757B6CBCD}.AppStore|ARM.ActiveCfg = AppStore|iPhone
		{2A3A6D4D-C7E3-445D-B967-9D9757B6CBCD}.AppStore|iPhone.ActiveCfg = AppStore|iPhone
		{2A3A6D4D-C7E3-445D-B967-9D9757B6CBCD}.AppStore|iPhone.Build.0 = AppStore|iPhone
		{2A3A6D4D-C7E3-445D-B967-9D9757B6CBCD}.AppStore|iPhoneSimulator.ActiveCfg = AppStore|iPhoneSimulator
		{2A3A6D4D-C7E3-445D-B967-9D9757B6CBCD}.AppStore|iPhoneSimulator.Build.0 = AppStore|iPhoneSimulator
		{2A3A6D4D-C7E3-445D-B967-9D9757B6CBCD}.AppStore|x64.ActiveCfg = AppStore|iPhone
		{2A3A6D4D-C7E3-445D-B967-9D9757B6CBCD}.AppStore|x86.ActiveCfg = AppStore|iPhone
		{2A3A6D4D-C7E3-445D-B967-9D9757B6CBCD}.Debug|Any CPU.ActiveCfg = Debug|iPhone
		{2A3A6D4D-C7E3-445D-B967-9D9757B6CBCD}.Debug|ARM.ActiveCfg = Debug|iPhone
		{2A3A6D4D-C7E3-445D-B967-9D9757B6CBCD}.Debug|iPhone.ActiveCfg = Debug|iPhone
		{2A3A6D4D-C7E3-445D-B967-9D9757B6CBCD}.Debug|iPhone.Build.0 = Debug|iPhone
		{2A3A6D4D-C7E3-445D-B967-9D9757B6CBCD}.Debug|iPhoneSimulator.ActiveCfg = Debug|iPhoneSimulator
		{2A3A6D4D-C7E3-445D-B967-9D9757B6CBCD}.Debug|iPhoneSimulator.Build.0 = Debug|iPhoneSimulator
		{2A3A6D4D-C7E3-445D-B967-9D9757B6CBCD}.Debug|x64.ActiveCfg = Debug|iPhone
		{2A3A6D4D-C7E3-445D-B967-9D9757B6CBCD}.Debug|x86.ActiveCfg = Debug|iPhone
		{2A3A6D4D-C7E3-445D-B967-9D9757B6CBCD}.Release|Any CPU.ActiveCfg = Release|iPhone
		{2A3A6D4D-C7E3-445D-B967-9D9757B6CBCD}.Release|ARM.ActiveCfg = Release|iPhone
		{2A3A6D4D-C7E3-445D-B967-9D9757B6CBCD}.Release|iPhone.ActiveCfg = Release|iPhone
		{2A3A6D4D-C7E3-445D-B967-9D9757B6CBCD}.Release|iPhone.Build.0 = Release|iPhone
		{2A3A6D4D-C7E3-445D-B967-9D9757B6CBCD}.Release|iPhoneSimulator.ActiveCfg = Release|iPhoneSimulator
		{2A3A6D4D-C7E3-445D-B967-9D9757B6CBCD}.Release|iPhoneSimulator.Build.0 = Release|iPhoneSimulator
		{2A3A6D4D-C7E3-445D-B967-9D9757B6CBCD}.Release|x64.ActiveCfg = Release|iPhone
		{2A3A6D4D-C7E3-445D-B967-9D9757B6CBCD}.Release|x86.ActiveCfg = Release|iPhone
		{60BA32FF-AD76-48AA-B7E1-C80A6E5EF353}.Ad-Hoc|Any CPU.ActiveCfg = Release|Any CPU
		{60BA32FF-AD76-48AA-B7E1-C80A6E5EF353}.Ad-Hoc|Any CPU.Build.0 = Release|Any CPU
		{60BA32FF-AD76-48AA-B7E1-C80A6E5EF353}.Ad-Hoc|Any CPU.Deploy.0 = Release|Any CPU
		{60BA32FF-AD76-48AA-B7E1-C80A6E5EF353}.Ad-Hoc|ARM.ActiveCfg = Release|ARM
		{60BA32FF-AD76-48AA-B7E1-C80A6E5EF353}.Ad-Hoc|ARM.Build.0 = Release|ARM
		{60BA32FF-AD76-48AA-B7E1-C80A6E5EF353}.Ad-Hoc|ARM.Deploy.0 = Release|ARM
		{60BA32FF-AD76-48AA-B7E1-C80A6E5EF353}.Ad-Hoc|iPhone.ActiveCfg = Release|Any CPU
		{60BA32FF-AD76-48AA-B7E1-C80A6E5EF353}.Ad-Hoc|iPhone.Build.0 = Release|Any CPU
		{60BA32FF-AD76-48AA-B7E1-C80A6E5EF353}.Ad-Hoc|iPhone.Deploy.0 = Release|Any CPU
		{60BA32FF-AD76-48AA-B7E1-C80A6E5EF353}.Ad-Hoc|iPhoneSimulator.ActiveCfg = Release|Any CPU
		{60BA32FF-AD76-48AA-B7E1-C80A6E5EF353}.Ad-Hoc|iPhoneSimulator.Build.0 = Release|Any CPU
		{60BA32FF-AD76-48AA-B7E1-C80A6E5EF353}.Ad-Hoc|iPhoneSimulator.Deploy.0 = Release|Any CPU
		{60BA32FF-AD76-48AA-B7E1-C80A6E5EF353}.Ad-Hoc|x64.ActiveCfg = Release|Any CPU
		{60BA32FF-AD76-48AA-B7E1-C80A6E5EF353}.Ad-Hoc|x64.Build.0 = Release|Any CPU
		{60BA32FF-AD76-48AA-B7E1-C80A6E5EF353}.Ad-Hoc|x64.Deploy.0 = Release|Any CPU
		{60BA32FF-AD76-48AA-B7E1-C80A6E5EF353}.Ad-Hoc|x86.ActiveCfg = Release|x86
		{60BA32FF-AD76-48AA-B7E1-C80A6E5EF353}.Ad-Hoc|x86.Build.0 = Release|x86
		{60BA32FF-AD76-48AA-B7E1-C80A6E5EF353}.Ad-Hoc|x86.Deploy.0 = Release|x86
		{60BA32FF-AD76-48AA-B7E1-C80A6E5EF353}.AppStore|Any CPU.ActiveCfg = Release|Any CPU
		{60BA32FF-AD76-48AA-B7E1-C80A6E5EF353}.AppStore|Any CPU.Build.0 = Release|Any CPU
		{60BA32FF-AD76-48AA-B7E1-C80A6E5EF353}.AppStore|Any CPU.Deploy.0 = Release|Any CPU
		{60BA32FF-AD76-48AA-B7E1-C80A6E5EF353}.AppStore|ARM.ActiveCfg = Release|ARM
		{60BA32FF-AD76-48AA-B7E1-C80A6E5EF353}.AppStore|ARM.Build.0 = Release|ARM
		{60BA32FF-AD76-48AA-B7E1-C80A6E5EF353}.AppStore|ARM.Deploy.0 = Release|ARM
		{60BA32FF-AD76-48AA-B7E1-C80A6E5EF353}.AppStore|iPhone.ActiveCfg = Release|Any CPU
		{60BA32FF-AD76-48AA-B7E1-C80A6E5EF353}.AppStore|iPhone.Build.0 = Release|Any CPU
		{60BA32FF-AD76-48AA-B7E1-C80A6E5EF353}.AppStore|iPhone.Deploy.0 = Release|Any CPU
		{60BA32FF-AD76-48AA-B7E1-C80A6E5EF353}.AppStore|iPhoneSimulator.ActiveCfg = Release|Any CPU
		{60BA32FF-AD76-48AA-B7E1-C80A6E5EF353}.AppStore|iPhoneSimulator.Build.0 = Release|Any CPU
		{60BA32FF-AD76-48AA-B7E1-C80A6E5EF353}.AppStore|iPhoneSimulator.Deploy.0 = Release|Any CPU
		{60BA32FF-AD76-48AA-B7E1-C80A6E5EF353}.AppStore|x64.ActiveCfg = Release|Any CPU
		{60BA32FF-AD76-48AA-B7E1-C80A6E5EF353}.AppStore|x64.Build.0 = Release|Any CPU
		{60BA32FF-AD76-48AA-B7E1-C80A6E5EF353}.AppStore|x64.Deploy.0 = Release|Any CPU
		{60BA32FF-AD76-48AA-B7E1-C80A6E5EF353}.AppStore|x86.ActiveCfg = Release|x86
		{60BA32FF-AD76-48AA-B7E1-C80A6E5EF353}.AppStore|x86.Build.0 = Release|x86
		{60BA32FF-AD76-48AA-B7E1-C80A6E5EF353}.AppStore|x86.Deploy.0 = Release|x86
		{60BA32FF-AD76-48AA-B7E1-C80A6E5EF353}.Debug|Any CPU.ActiveCfg = Debug|Any CPU
		{60BA32FF-AD76-48AA-B7E1-C80A6E5EF353}.Debug|Any CPU.Build.0 = Debug|Any CPU
		{60BA32FF-AD76-48AA-B7E1-C80A6E5EF353}.Debug|Any CPU.Deploy.0 = Debug|Any CPU
		{60BA32FF-AD76-48AA-B7E1-C80A6E5EF353}.Debug|ARM.ActiveCfg = Debug|ARM
		{60BA32FF-AD76-48AA-B7E1-C80A6E5EF353}.Debug|ARM.Build.0 = Debug|ARM
		{60BA32FF-AD76-48AA-B7E1-C80A6E5EF353}.Debug|ARM.Deploy.0 = Debug|ARM
		{60BA32FF-AD76-48AA-B7E1-C80A6E5EF353}.Debug|iPhone.ActiveCfg = Debug|Any CPU
		{60BA32FF-AD76-48AA-B7E1-C80A6E5EF353}.Debug|iPhone.Build.0 = Debug|Any CPU
		{60BA32FF-AD76-48AA-B7E1-C80A6E5EF353}.Debug|iPhone.Deploy.0 = Debug|Any CPU
		{60BA32FF-AD76-48AA-B7E1-C80A6E5EF353}.Debug|iPhoneSimulator.ActiveCfg = Debug|Any CPU
		{60BA32FF-AD76-48AA-B7E1-C80A6E5EF353}.Debug|iPhoneSimulator.Build.0 = Debug|Any CPU
		{60BA32FF-AD76-48AA-B7E1-C80A6E5EF353}.Debug|iPhoneSimulator.Deploy.0 = Debug|Any CPU
		{60BA32FF-AD76-48AA-B7E1-C80A6E5EF353}.Debug|x64.ActiveCfg = Debug|Any CPU
		{60BA32FF-AD76-48AA-B7E1-C80A6E5EF353}.Debug|x64.Build.0 = Debug|Any CPU
		{60BA32FF-AD76-48AA-B7E1-C80A6E5EF353}.Debug|x64.Deploy.0 = Debug|Any CPU
		{60BA32FF-AD76-48AA-B7E1-C80A6E5EF353}.Debug|x86.ActiveCfg = Debug|x86
		{60BA32FF-AD76-48AA-B7E1-C80A6E5EF353}.Debug|x86.Build.0 = Debug|x86
		{60BA32FF-AD76-48AA-B7E1-C80A6E5EF353}.Debug|x86.Deploy.0 = Debug|x86
		{60BA32FF-AD76-48AA-B7E1-C80A6E5EF353}.Release|Any CPU.ActiveCfg = Release|Any CPU
		{60BA32FF-AD76-48AA-B7E1-C80A6E5EF353}.Release|Any CPU.Build.0 = Release|Any CPU
		{60BA32FF-AD76-48AA-B7E1-C80A6E5EF353}.Release|Any CPU.Deploy.0 = Release|Any CPU
		{60BA32FF-AD76-48AA-B7E1-C80A6E5EF353}.Release|ARM.ActiveCfg = Release|ARM
		{60BA32FF-AD76-48AA-B7E1-C80A6E5EF353}.Release|ARM.Build.0 = Release|ARM
		{60BA32FF-AD76-48AA-B7E1-C80A6E5EF353}.Release|ARM.Deploy.0 = Release|ARM
		{60BA32FF-AD76-48AA-B7E1-C80A6E5EF353}.Release|iPhone.ActiveCfg = Release|Any CPU
		{60BA32FF-AD76-48AA-B7E1-C80A6E5EF353}.Release|iPhone.Build.0 = Release|Any CPU
		{60BA32FF-AD76-48AA-B7E1-C80A6E5EF353}.Release|iPhone.Deploy.0 = Release|Any CPU
		{60BA32FF-AD76-48AA-B7E1-C80A6E5EF353}.Release|iPhoneSimulator.ActiveCfg = Release|Any CPU
		{60BA32FF-AD76-48AA-B7E1-C80A6E5EF353}.Release|iPhoneSimulator.Build.0 = Release|Any CPU
		{60BA32FF-AD76-48AA-B7E1-C80A6E5EF353}.Release|iPhoneSimulator.Deploy.0 = Release|Any CPU
		{60BA32FF-AD76-48AA-B7E1-C80A6E5EF353}.Release|x64.ActiveCfg = Release|Any CPU
		{60BA32FF-AD76-48AA-B7E1-C80A6E5EF353}.Release|x64.Build.0 = Release|Any CPU
		{60BA32FF-AD76-48AA-B7E1-C80A6E5EF353}.Release|x64.Deploy.0 = Release|Any CPU
		{60BA32FF-AD76-48AA-B7E1-C80A6E5EF353}.Release|x86.ActiveCfg = Release|x86
		{60BA32FF-AD76-48AA-B7E1-C80A6E5EF353}.Release|x86.Build.0 = Release|x86
		{60BA32FF-AD76-48AA-B7E1-C80A6E5EF353}.Release|x86.Deploy.0 = Release|x86
		{CCA2AC0B-38EF-4E5D-8B28-7C90D44B41FF}.Ad-Hoc|Any CPU.ActiveCfg = Release|Any CPU
		{CCA2AC0B-38EF-4E5D-8B28-7C90D44B41FF}.Ad-Hoc|Any CPU.Build.0 = Release|Any CPU
		{CCA2AC0B-38EF-4E5D-8B28-7C90D44B41FF}.Ad-Hoc|Any CPU.Deploy.0 = Release|Any CPU
		{CCA2AC0B-38EF-4E5D-8B28-7C90D44B41FF}.Ad-Hoc|ARM.ActiveCfg = Release|ARM
		{CCA2AC0B-38EF-4E5D-8B28-7C90D44B41FF}.Ad-Hoc|ARM.Build.0 = Release|ARM
		{CCA2AC0B-38EF-4E5D-8B28-7C90D44B41FF}.Ad-Hoc|ARM.Deploy.0 = Release|ARM
		{CCA2AC0B-38EF-4E5D-8B28-7C90D44B41FF}.Ad-Hoc|iPhone.ActiveCfg = Release|Any CPU
		{CCA2AC0B-38EF-4E5D-8B28-7C90D44B41FF}.Ad-Hoc|iPhone.Build.0 = Release|Any CPU
		{CCA2AC0B-38EF-4E5D-8B28-7C90D44B41FF}.Ad-Hoc|iPhone.Deploy.0 = Release|Any CPU
		{CCA2AC0B-38EF-4E5D-8B28-7C90D44B41FF}.Ad-Hoc|iPhoneSimulator.ActiveCfg = Release|Any CPU
		{CCA2AC0B-38EF-4E5D-8B28-7C90D44B41FF}.Ad-Hoc|iPhoneSimulator.Build.0 = Release|Any CPU
		{CCA2AC0B-38EF-4E5D-8B28-7C90D44B41FF}.Ad-Hoc|iPhoneSimulator.Deploy.0 = Release|Any CPU
		{CCA2AC0B-38EF-4E5D-8B28-7C90D44B41FF}.Ad-Hoc|x64.ActiveCfg = Release|x64
		{CCA2AC0B-38EF-4E5D-8B28-7C90D44B41FF}.Ad-Hoc|x64.Build.0 = Release|x64
		{CCA2AC0B-38EF-4E5D-8B28-7C90D44B41FF}.Ad-Hoc|x64.Deploy.0 = Release|x64
		{CCA2AC0B-38EF-4E5D-8B28-7C90D44B41FF}.Ad-Hoc|x86.ActiveCfg = Release|x86
		{CCA2AC0B-38EF-4E5D-8B28-7C90D44B41FF}.Ad-Hoc|x86.Build.0 = Release|x86
		{CCA2AC0B-38EF-4E5D-8B28-7C90D44B41FF}.Ad-Hoc|x86.Deploy.0 = Release|x86
		{CCA2AC0B-38EF-4E5D-8B28-7C90D44B41FF}.AppStore|Any CPU.ActiveCfg = Release|Any CPU
		{CCA2AC0B-38EF-4E5D-8B28-7C90D44B41FF}.AppStore|Any CPU.Build.0 = Release|Any CPU
		{CCA2AC0B-38EF-4E5D-8B28-7C90D44B41FF}.AppStore|Any CPU.Deploy.0 = Release|Any CPU
		{CCA2AC0B-38EF-4E5D-8B28-7C90D44B41FF}.AppStore|ARM.ActiveCfg = Release|ARM
		{CCA2AC0B-38EF-4E5D-8B28-7C90D44B41FF}.AppStore|ARM.Build.0 = Release|ARM
		{CCA2AC0B-38EF-4E5D-8B28-7C90D44B41FF}.AppStore|ARM.Deploy.0 = Release|ARM
		{CCA2AC0B-38EF-4E5D-8B28-7C90D44B41FF}.AppStore|iPhone.ActiveCfg = Release|Any CPU
		{CCA2AC0B-38EF-4E5D-8B28-7C90D44B41FF}.AppStore|iPhone.Build.0 = Release|Any CPU
		{CCA2AC0B-38EF-4E5D-8B28-7C90D44B41FF}.AppStore|iPhone.Deploy.0 = Release|Any CPU
		{CCA2AC0B-38EF-4E5D-8B28-7C90D44B41FF}.AppStore|iPhoneSimulator.ActiveCfg = Release|Any CPU
		{CCA2AC0B-38EF-4E5D-8B28-7C90D44B41FF}.AppStore|iPhoneSimulator.Build.0 = Release|Any CPU
		{CCA2AC0B-38EF-4E5D-8B28-7C90D44B41FF}.AppStore|iPhoneSimulator.Deploy.0 = Release|Any CPU
		{CCA2AC0B-38EF-4E5D-8B28-7C90D44B41FF}.AppStore|x64.ActiveCfg = Release|x64
		{CCA2AC0B-38EF-4E5D-8B28-7C90D44B41FF}.AppStore|x64.Build.0 = Release|x64
		{CCA2AC0B-38EF-4E5D-8B28-7C90D44B41FF}.AppStore|x64.Deploy.0 = Release|x64
		{CCA2AC0B-38EF-4E5D-8B28-7C90D44B41FF}.AppStore|x86.ActiveCfg = Release|x86
		{CCA2AC0B-38EF-4E5D-8B28-7C90D44B41FF}.AppStore|x86.Build.0 = Release|x86
		{CCA2AC0B-38EF-4E5D-8B28-7C90D44B41FF}.AppStore|x86.Deploy.0 = Release|x86
		{CCA2AC0B-38EF-4E5D-8B28-7C90D44B41FF}.Debug|Any CPU.ActiveCfg = Debug|Any CPU
		{CCA2AC0B-38EF-4E5D-8B28-7C90D44B41FF}.Debug|Any CPU.Build.0 = Debug|Any CPU
		{CCA2AC0B-38EF-4E5D-8B28-7C90D44B41FF}.Debug|Any CPU.Deploy.0 = Debug|Any CPU
		{CCA2AC0B-38EF-4E5D-8B28-7C90D44B41FF}.Debug|ARM.ActiveCfg = Debug|ARM
		{CCA2AC0B-38EF-4E5D-8B28-7C90D44B41FF}.Debug|ARM.Build.0 = Debug|ARM
		{CCA2AC0B-38EF-4E5D-8B28-7C90D44B41FF}.Debug|ARM.Deploy.0 = Debug|ARM
		{CCA2AC0B-38EF-4E5D-8B28-7C90D44B41FF}.Debug|iPhone.ActiveCfg = Debug|Any CPU
		{CCA2AC0B-38EF-4E5D-8B28-7C90D44B41FF}.Debug|iPhone.Build.0 = Debug|Any CPU
		{CCA2AC0B-38EF-4E5D-8B28-7C90D44B41FF}.Debug|iPhone.Deploy.0 = Debug|Any CPU
		{CCA2AC0B-38EF-4E5D-8B28-7C90D44B41FF}.Debug|iPhoneSimulator.ActiveCfg = Debug|Any CPU
		{CCA2AC0B-38EF-4E5D-8B28-7C90D44B41FF}.Debug|iPhoneSimulator.Build.0 = Debug|Any CPU
		{CCA2AC0B-38EF-4E5D-8B28-7C90D44B41FF}.Debug|iPhoneSimulator.Deploy.0 = Debug|Any CPU
		{CCA2AC0B-38EF-4E5D-8B28-7C90D44B41FF}.Debug|x64.ActiveCfg = Debug|x64
		{CCA2AC0B-38EF-4E5D-8B28-7C90D44B41FF}.Debug|x64.Build.0 = Debug|x64
		{CCA2AC0B-38EF-4E5D-8B28-7C90D44B41FF}.Debug|x64.Deploy.0 = Debug|x64
		{CCA2AC0B-38EF-4E5D-8B28-7C90D44B41FF}.Debug|x86.ActiveCfg = Debug|x86
		{CCA2AC0B-38EF-4E5D-8B28-7C90D44B41FF}.Debug|x86.Build.0 = Debug|x86
		{CCA2AC0B-38EF-4E5D-8B28-7C90D44B41FF}.Debug|x86.Deploy.0 = Debug|x86
		{CCA2AC0B-38EF-4E5D-8B28-7C90D44B41FF}.Release|Any CPU.ActiveCfg = Release|Any CPU
		{CCA2AC0B-38EF-4E5D-8B28-7C90D44B41FF}.Release|Any CPU.Build.0 = Release|Any CPU
		{CCA2AC0B-38EF-4E5D-8B28-7C90D44B41FF}.Release|Any CPU.Deploy.0 = Release|Any CPU
		{CCA2AC0B-38EF-4E5D-8B28-7C90D44B41FF}.Release|ARM.ActiveCfg = Release|ARM
		{CCA2AC0B-38EF-4E5D-8B28-7C90D44B41FF}.Release|ARM.Build.0 = Release|ARM
		{CCA2AC0B-38EF-4E5D-8B28-7C90D44B41FF}.Release|ARM.Deploy.0 = Release|ARM
		{CCA2AC0B-38EF-4E5D-8B28-7C90D44B41FF}.Release|iPhone.ActiveCfg = Release|Any CPU
		{CCA2AC0B-38EF-4E5D-8B28-7C90D44B41FF}.Release|iPhone.Build.0 = Release|Any CPU
		{CCA2AC0B-38EF-4E5D-8B28-7C90D44B41FF}.Release|iPhone.Deploy.0 = Release|Any CPU
		{CCA2AC0B-38EF-4E5D-8B28-7C90D44B41FF}.Release|iPhoneSimulator.ActiveCfg = Release|Any CPU
		{CCA2AC0B-38EF-4E5D-8B28-7C90D44B41FF}.Release|iPhoneSimulator.Build.0 = Release|Any CPU
		{CCA2AC0B-38EF-4E5D-8B28-7C90D44B41FF}.Release|iPhoneSimulator.Deploy.0 = Release|Any CPU
		{CCA2AC0B-38EF-4E5D-8B28-7C90D44B41FF}.Release|x64.ActiveCfg = Release|x64
		{CCA2AC0B-38EF-4E5D-8B28-7C90D44B41FF}.Release|x64.Build.0 = Release|x64
		{CCA2AC0B-38EF-4E5D-8B28-7C90D44B41FF}.Release|x64.Deploy.0 = Release|x64
		{CCA2AC0B-38EF-4E5D-8B28-7C90D44B41FF}.Release|x86.ActiveCfg = Release|x86
		{CCA2AC0B-38EF-4E5D-8B28-7C90D44B41FF}.Release|x86.Build.0 = Release|x86
		{CCA2AC0B-38EF-4E5D-8B28-7C90D44B41FF}.Release|x86.Deploy.0 = Release|x86
	EndGlobalSection
	GlobalSection(SolutionProperties) = preSolution
		HideSolutionNode = FALSE
	EndGlobalSection
EndGlobal
